
Microsoft Visual Studio Solution File, Format Version 12.00
# Visual Studio Version 17
VisualStudioVersion = 17.8.34330.188
MinimumVisualStudioVersion = 10.0.40219.1
Project("{FAE04EC0-301F-11D3-BF4B-00C04F79EFBC}") = "DZ_9", "DZ_9\DZ_9.csproj", "{B08F2A82-2DD3-4BBA-BBE5-E89A56C4CD65}"
EndProject
Global
	GlobalSection(SolutionConfigurationPlatforms) = preSolution
		Debug|Any CPU = Debug|Any CPU
		Release|Any CPU = Release|Any CPU
	EndGlobalSection
	GlobalSection(ProjectConfigurationPlatforms) = postSolution
		{B08F2A82-2DD3-4BBA-BBE5-E89A56C4CD65}.Debug|Any CPU.ActiveCfg = Debug|Any CPU
		{B08F2A82-2DD3-4BBA-BBE5-E89A56C4CD65}.Debug|Any CPU.Build.0 = Debug|Any CPU
		{B08F2A82-2DD3-4BBA-BBE5-E89A56C4CD65}.Release|Any CPU.ActiveCfg = Release|Any CPU
		{B08F2A82-2DD3-4BBA-BBE5-E89A56C4CD65}.Release|Any CPU.Build.0 = Release|Any CPU
	EndGlobalSection
	GlobalSection(SolutionProperties) = preSolution
		HideSolutionNode = FALSE
	EndGlobalSection
	GlobalSection(ExtensibilityGlobals) = postSolution
		SolutionGuid = {91A0E689-B174-4E24-A5E6-B36C5202A367}
	EndGlobalSection
EndGlobal
